
Microsoft Visual Studio Solution File, Format Version 12.00
Project("{FAE04EC0-301F-11D3-BF4B-00C04F79EFBC}") = "DataBoxDemo", "samples\DataBoxDemo\DataBoxDemo.csproj", "{D9D964C6-72D8-4009-910D-6DA99BA9D30F}"
EndProject
Project("{FAE04EC0-301F-11D3-BF4B-00C04F79EFBC}") = "DataBox", "src\DataBox\DataBox.csproj", "{00120A66-65E2-4D26-A117-51BA40C2F844}"
EndProject
Project("{2150E333-8FDC-42A3-9474-1A3956D46DE8}") = "build", "build", "{BFAAFDC6-9A28-4F70-9C21-F6DF50786C70}"
ProjectSection(SolutionItems) = preProject
	.editorconfig = .editorconfig
	azure-pipelines.yml = azure-pipelines.yml
	build.ps1 = build.ps1
	build.sh = build.sh
	global.json = global.json
	build\databox.public.snk = build\databox.public.snk
EndProjectSection
EndProject
Project("{2150E333-8FDC-42A3-9474-1A3956D46DE8}") = "git", "git", "{17E6165A-4614-435A-8BBE-55A8C850F21B}"
ProjectSection(SolutionItems) = preProject
	.gitattributes = .gitattributes
	.gitignore = .gitignore
EndProjectSection
EndProject
Project("{2150E333-8FDC-42A3-9474-1A3956D46DE8}") = "nuget", "nuget", "{94B631C1-E35B-462E-8D52-90BF04F72ECB}"
ProjectSection(SolutionItems) = preProject
	nuget.config = nuget.config
EndProjectSection
EndProject
Project("{2150E333-8FDC-42A3-9474-1A3956D46DE8}") = "props", "props", "{BFAD5779-6E04-463F-9A38-6D78CEFC6E09}"
ProjectSection(SolutionItems) = preProject
	build\Avalonia.Desktop.props = build\Avalonia.Desktop.props
	build\Avalonia.Diagnostics.props = build\Avalonia.Diagnostics.props
	build\Avalonia.props = build\Avalonia.props
	build\Avalonia.ReactiveUI.props = build\Avalonia.ReactiveUI.props
	build\Base.props = build\Base.props
	build\ReferenceAssemblies.props = build\ReferenceAssemblies.props
	build\SignAssembly.props = build\SignAssembly.props
	build\SourceLink.props = build\SourceLink.props
	build\XUnit.props = build\XUnit.props
EndProjectSection
EndProject
Project("{2150E333-8FDC-42A3-9474-1A3956D46DE8}") = "docs", "docs", "{4E19FF9C-17EE-4AFA-9317-7C949FB3C66A}"
ProjectSection(SolutionItems) = preProject
	LICENSE.TXT = LICENSE.TXT
	README.md = README.md
EndProjectSection
EndProject
Project("{2150E333-8FDC-42A3-9474-1A3956D46DE8}") = "samples", "samples", "{3B564AD4-C507-43DC-8711-38320FB3B679}"
EndProject
Project("{2150E333-8FDC-42A3-9474-1A3956D46DE8}") = "src", "src", "{D7275F04-303E-4385-B806-08726C572D6D}"
EndProject
Project("{2150E333-8FDC-42A3-9474-1A3956D46DE8}") = "tests", "tests", "{491007E3-8E11-4236-A724-ED7AC78FF726}"
EndProject
Project("{FAE04EC0-301F-11D3-BF4B-00C04F79EFBC}") = "DataBox.UnitTests", "tests\DataBox.UnitTests\DataBox.UnitTests.csproj", "{85FA5761-009D-4072-9C86-7CCFE1B14CE3}"
EndProject
Project("{FAE04EC0-301F-11D3-BF4B-00C04F79EFBC}") = "_build", "build\build\_build.csproj", "{185AA19E-8CAC-4539-BD28-8199E348AC40}"
EndProject
Project("{FAE04EC0-301F-11D3-BF4B-00C04F79EFBC}") = "VirtualPanel", "..\VirtualScrollDemo\VirtualPanel\VirtualPanel.csproj", "{C301AC1F-DB53-4FC0-9DE3-B9C5350C6399}"
EndProject
Global
	GlobalSection(SolutionConfigurationPlatforms) = preSolution
		Debug|Any CPU = Debug|Any CPU
		Release|Any CPU = Release|Any CPU
	EndGlobalSection
	GlobalSection(ProjectConfigurationPlatforms) = postSolution
		{D9D964C6-72D8-4009-910D-6DA99BA9D30F}.Debug|Any CPU.ActiveCfg = Debug|Any CPU
		{D9D964C6-72D8-4009-910D-6DA99BA9D30F}.Debug|Any CPU.Build.0 = Debug|Any CPU
		{D9D964C6-72D8-4009-910D-6DA99BA9D30F}.Release|Any CPU.ActiveCfg = Release|Any CPU
		{D9D964C6-72D8-4009-910D-6DA99BA9D30F}.Release|Any CPU.Build.0 = Release|Any CPU
		{00120A66-65E2-4D26-A117-51BA40C2F844}.Debug|Any CPU.ActiveCfg = Debug|Any CPU
		{00120A66-65E2-4D26-A117-51BA40C2F844}.Debug|Any CPU.Build.0 = Debug|Any CPU
		{00120A66-65E2-4D26-A117-51BA40C2F844}.Release|Any CPU.ActiveCfg = Release|Any CPU
		{00120A66-65E2-4D26-A117-51BA40C2F844}.Release|Any CPU.Build.0 = Release|Any CPU
		{85FA5761-009D-4072-9C86-7CCFE1B14CE3}.Debug|Any CPU.ActiveCfg = Debug|Any CPU
		{85FA5761-009D-4072-9C86-7CCFE1B14CE3}.Debug|Any CPU.Build.0 = Debug|Any CPU
		{85FA5761-009D-4072-9C86-7CCFE1B14CE3}.Release|Any CPU.ActiveCfg = Release|Any CPU
		{85FA5761-009D-4072-9C86-7CCFE1B14CE3}.Release|Any CPU.Build.0 = Release|Any CPU
		{185AA19E-8CAC-4539-BD28-8199E348AC40}.Debug|Any CPU.ActiveCfg = Debug|Any CPU
		{185AA19E-8CAC-4539-BD28-8199E348AC40}.Debug|Any CPU.Build.0 = Debug|Any CPU
		{185AA19E-8CAC-4539-BD28-8199E348AC40}.Release|Any CPU.ActiveCfg = Release|Any CPU
		{185AA19E-8CAC-4539-BD28-8199E348AC40}.Release|Any CPU.Build.0 = Release|Any CPU
		{C301AC1F-DB53-4FC0-9DE3-B9C5350C6399}.Debug|Any CPU.ActiveCfg = Debug|Any CPU
		{C301AC1F-DB53-4FC0-9DE3-B9C5350C6399}.Debug|Any CPU.Build.0 = Debug|Any CPU
		{C301AC1F-DB53-4FC0-9DE3-B9C5350C6399}.Release|Any CPU.ActiveCfg = Release|Any CPU
		{C301AC1F-DB53-4FC0-9DE3-B9C5350C6399}.Release|Any CPU.Build.0 = Release|Any CPU
	EndGlobalSection
	GlobalSection(NestedProjects) = preSolution
		{17E6165A-4614-435A-8BBE-55A8C850F21B} = {BFAAFDC6-9A28-4F70-9C21-F6DF50786C70}
		{94B631C1-E35B-462E-8D52-90BF04F72ECB} = {BFAAFDC6-9A28-4F70-9C21-F6DF50786C70}
		{BFAD5779-6E04-463F-9A38-6D78CEFC6E09} = {BFAAFDC6-9A28-4F70-9C21-F6DF50786C70}
		{D9D964C6-72D8-4009-910D-6DA99BA9D30F} = {3B564AD4-C507-43DC-8711-38320FB3B679}
		{00120A66-65E2-4D26-A117-51BA40C2F844} = {D7275F04-303E-4385-B806-08726C572D6D}
		{85FA5761-009D-4072-9C86-7CCFE1B14CE3} = {491007E3-8E11-4236-A724-ED7AC78FF726}
		{185AA19E-8CAC-4539-BD28-8199E348AC40} = {BFAAFDC6-9A28-4F70-9C21-F6DF50786C70}
		{C301AC1F-DB53-4FC0-9DE3-B9C5350C6399} = {D7275F04-303E-4385-B806-08726C572D6D}
	EndGlobalSection
EndGlobal
